
Microsoft Visual Studio Solution File, Format Version 12.00
# Visual Studio Version 17
VisualStudioVersion = 17.10.35122.118
MinimumVisualStudioVersion = 10.0.40219.1
Project("{8BC9CEB8-8B4A-11D0-8D11-00A0C91BC942}") = "test8.4", "test8.4.vcxproj", "{EF08B78C-AB13-4932-8EE4-09A0B0200F67}"
EndProject
Global
	GlobalSection(SolutionConfigurationPlatforms) = preSolution
		Debug|x64 = Debug|x64
		Debug|x86 = Debug|x86
		Release|x64 = Release|x64
		Release|x86 = Release|x86
	EndGlobalSection
	GlobalSection(ProjectConfigurationPlatforms) = postSolution
		{EF08B78C-AB13-4932-8EE4-09A0B0200F67}.Debug|x64.ActiveCfg = Debug|x64
		{EF08B78C-AB13-4932-8EE4-09A0B0200F67}.Debug|x64.Build.0 = Debug|x64
		{EF08B78C-AB13-4932-8EE4-09A0B0200F67}.Debug|x86.ActiveCfg = Debug|Win32
		{EF08B78C-AB13-4932-8EE4-09A0B0200F67}.Debug|x86.Build.0 = Debug|Win32
		{EF08B78C-AB13-4932-8EE4-09A0B0200F67}.Release|x64.ActiveCfg = Release|x64
		{EF08B78C-AB13-4932-8EE4-09A0B0200F67}.Release|x64.Build.0 = Release|x64
		{EF08B78C-AB13-4932-8EE4-09A0B0200F67}.Release|x86.ActiveCfg = Release|Win32
		{EF08B78C-AB13-4932-8EE4-09A0B0200F67}.Release|x86.Build.0 = Release|Win32
	EndGlobalSection
	GlobalSection(SolutionProperties) = preSolution
		HideSolutionNode = FALSE
	EndGlobalSection
	GlobalSection(ExtensibilityGlobals) = postSolution
		SolutionGuid = {C43B181D-E9E3-4893-AB89-8BC553ED6794}
	EndGlobalSection
EndGlobal
